// !$*UTF8*$!
{
	archiveVersion = 1;
	classes = {
	};
	objectVersion = 46;
	objects = {

/* Begin PBXBuildFile section */
		6B3F2DC11DAE2615009834ED /* main.m in Sources */ = {isa = PBXBuildFile; fileRef = 6B3F2DC01DAE2615009834ED /* main.m */; };
		6B3F2DC41DAE2615009834ED /* AppDelegate.m in Sources */ = {isa = PBXBuildFile; fileRef = 6B3F2DC31DAE2615009834ED /* AppDelegate.m */; };
		6B3F2DC71DAE2615009834ED /* ViewController.m in Sources */ = {isa = PBXBuildFile; fileRef = 6B3F2DC61DAE2615009834ED /* ViewController.m */; };
		6B3F2DCA1DAE2615009834ED /* Main.storyboard in Resources */ = {isa = PBXBuildFile; fileRef = 6B3F2DC81DAE2615009834ED /* Main.storyboard */; };
		6B3F2DCC1DAE2615009834ED /* Assets.xcassets in Resources */ = {isa = PBXBuildFile; fileRef = 6B3F2DCB1DAE2615009834ED /* Assets.xcassets */; };
		6B3F2DCF1DAE2615009834ED /* LaunchScreen.storyboard in Resources */ = {isa = PBXBuildFile; fileRef = 6B3F2DCD1DAE2615009834ED /* LaunchScreen.storyboard */; };
		6B3F2DD71DAE2F2D009834ED /* MapKit.framework in Frameworks */ = {isa = PBXBuildFile; fileRef = 6B3F2DD61DAE2F2D009834ED /* MapKit.framework */; };
		6B3F2DD91DAE2F56009834ED /* CoreLocation.framework in Frameworks */ = {isa = PBXBuildFile; fileRef = 6B3F2DD81DAE2F56009834ED /* CoreLocation.framework */; };
/* End PBXBuildFile section */

/* Begin PBXFileReference section */
		6B3F2DBC1DAE2615009834ED /* CPWhereAmIApp.app */ = {isa = PBXFileReference; explicitFileType = wrapper.application; includeInIndex = 0; path = CPWhereAmIApp.app; sourceTree = BUILT_PRODUCTS_DIR; };
		6B3F2DC01DAE2615009834ED /* main.m */ = {isa = PBXFileReference; lastKnownFileType = sourcecode.c.objc; path = main.m; sourceTree = "<group>"; };
		6B3F2DC21DAE2615009834ED /* AppDelegate.h */ = {isa = PBXFileReference; lastKnownFileType = sourcecode.c.h; path = AppDelegate.h; sourceTree = "<group>"; };
		6B3F2DC31DAE2615009834ED /* AppDelegate.m */ = {isa = PBXFileReference; lastKnownFileType = sourcecode.c.objc; path = AppDelegate.m; sourceTree = "<group>"; };
		6B3F2DC51DAE2615009834ED /* ViewController.h */ = {isa = PBXFileReference; lastKnownFileType = sourcecode.c.h; path = ViewController.h; sourceTree = "<group>"; };
		6B3F2DC61DAE2615009834ED /* ViewController.m */ = {isa = PBXFileReference; lastKnownFileType = sourcecode.c.objc; path = ViewController.m; sourceTree = "<group>"; };
		6B3F2DC91DAE2615009834ED /* Base */ = {isa = PBXFileReference; lastKnownFileType = file.storyboard; name = Base; path = Base.lproj/Main.storyboard; sourceTree = "<group>"; };
		6B3F2DCB1DAE2615009834ED /* Assets.xcassets */ = {isa = PBXFileReference; lastKnownFileType = folder.assetcatalog; path = Assets.xcassets; sourceTree = "<group>"; };
		6B3F2DCE1DAE2615009834ED /* Base */ = {isa = PBXFileReference; lastKnownFileType = file.storyboard; name = Base; path = Base.lproj/LaunchScreen.storyboard; sourceTree = "<group>"; };
		6B3F2DD01DAE2615009834ED /* Info.plist */ = {isa = PBXFileReference; lastKnownFileType = text.plist.xml; path = Info.plist; sourceTree = "<group>"; };
		6B3F2DD61DAE2F2D009834ED /* MapKit.framework */ = {isa = PBXFileReference; lastKnownFileType = wrapper.framework; name = MapKit.framework; path = System/Library/Frameworks/MapKit.framework; sourceTree = SDKROOT; };
		6B3F2DD81DAE2F56009834ED /* CoreLocation.framework */ = {isa = PBXFileReference; lastKnownFileType = wrapper.framework; name = CoreLocation.framework; path = System/Library/Frameworks/CoreLocation.framework; sourceTree = SDKROOT; };
/* End PBXFileReference section */

/* Begin PBXFrameworksBuildPhase section */
		6B3F2DB91DAE2615009834ED /* Frameworks */ = {
			isa = PBXFrameworksBuildPhase;
			buildActionMask = 2147483647;
			files = (
				6B3F2DD91DAE2F56009834ED /* CoreLocation.framework in Frameworks */,
				6B3F2DD71DAE2F2D009834ED /* MapKit.framework in Frameworks */,
			);
			runOnlyForDeploymentPostprocessing = 0;
		};
/* End PBXFrameworksBuildPhase section */

/* Begin PBXGroup section */
		6B3F2DB31DAE2615009834ED = {
			isa = PBXGroup;
			children = (
				6B3F2DD81DAE2F56009834ED /* CoreLocation.framework */,
				6B3F2DD61DAE2F2D009834ED /* MapKit.framework */,
				6B3F2DBE1DAE2615009834ED /* CPWhereAmIApp */,
				6B3F2DBD1DAE2615009834ED /* Products */,
			);
			sourceTree = "<group>";
		};
		6B3F2DBD1DAE2615009834ED /* Products */ = {
			isa = PBXGroup;
			children = (
				6B3F2DBC1DAE2615009834ED /* CPWhereAmIApp.app */,
			);
			name = Products;
			sourceTree = "<group>";
		};
		6B3F2DBE1DAE2615009834ED /* CPWhereAmIApp */ = {
			isa = PBXGroup;
			children = (
				6B3F2DC21DAE2615009834ED /* AppDelegate.h */,
				6B3F2DC31DAE2615009834ED /* AppDelegate.m */,
				6B3F2DC51DAE2615009834ED /* ViewController.h */,
				6B3F2DC61DAE2615009834ED /* ViewController.m */,
				6B3F2DC81DAE2615009834ED /* Main.storyboard */,
				6B3F2DCB1DAE2615009834ED /* Assets.xcassets */,
				6B3F2DCD1DAE2615009834ED /* LaunchScreen.storyboard */,
				6B3F2DD01DAE2615009834ED /* Info.plist */,
				6B3F2DBF1DAE2615009834ED /* Supporting Files */,
			);
			path = CPWhereAmIApp;
			sourceTree = "<group>";
		};
		6B3F2DBF1DAE2615009834ED /* Supporting Files */ = {
			isa = PBXGroup;
			children = (
				6B3F2DC01DAE2615009834ED /* main.m */,
			);
			name = "Supporting Files";
			sourceTree = "<group>";
		};
/* End PBXGroup section */

/* Begin PBXNativeTarget section */
		6B3F2DBB1DAE2615009834ED /* CPWhereAmIApp */ = {
			isa = PBXNativeTarget;
			buildConfigurationList = 6B3F2DD31DAE2615009834ED /* Build configuration list for PBXNativeTarget "CPWhereAmIApp" */;
			buildPhases = (
				6B3F2DB81DAE2615009834ED /* Sources */,
				6B3F2DB91DAE2615009834ED /* Frameworks */,
				6B3F2DBA1DAE2615009834ED /* Resources */,
			);
			buildRules = (
			);
			dependencies = (
			);
			name = CPWhereAmIApp;
			productName = CPWhereAmIApp;
			productReference = 6B3F2DBC1DAE2615009834ED /* CPWhereAmIApp.app */;
			productType = "com.apple.product-type.application";
		};
/* End PBXNativeTarget section */

/* Begin PBXProject section */
		6B3F2DB41DAE2615009834ED /* Project object */ = {
			isa = PBXProject;
			attributes = {
				LastUpgradeCheck = 0730;
				ORGANIZATIONNAME = chaitu;
				TargetAttributes = {
					6B3F2DBB1DAE2615009834ED = {
						CreatedOnToolsVersion = 7.3.1;
					};
				};
			};
			buildConfigurationList = 6B3F2DB71DAE2615009834ED /* Build configuration list for PBXProject "CPWhereAmIApp" */;
			compatibilityVersion = "Xcode 3.2";
			developmentRegion = English;
			hasScannedForEncodings = 0;
			knownRegions = (
				en,
				Base,
			);
			mainGroup = 6B3F2DB31DAE2615009834ED;
			productRefGroup = 6B3F2DBD1DAE2615009834ED /* Products */;
			projectDirPath = "";
			projectRoot = "";
			targets = (
				6B3F2DBB1DAE2615009834ED /* CPWhereAmIApp */,
			);
		};
/* End PBXProject section */

/* Begin PBXResourcesBuildPhase section */
		6B3F2DBA1DAE2615009834ED /* Resources */ = {
			isa = PBXResourcesBuildPhase;
			buildActionMask = 2147483647;
			files = (
				6B3F2DCF1DAE2615009834ED /* LaunchScreen.storyboard in Resources */,
				6B3F2DCC1DAE2615009834ED /* Assets.xcassets in Resources */,
				6B3F2DCA1DAE2615009834ED /* Main.storyboard in Resources */,
			);
			runOnlyForDeploymentPostprocessing = 0;
		};
/* End PBXResourcesBuildPhase section */

/* Begin PBXSourcesBuildPhase section */
		6B3F2DB81DAE2615009834ED /* Sources */ = {
			isa = PBXSourcesBuildPhase;
			buildActionMask = 2147483647;
			files = (
				6B3F2DC71DAE2615009834ED /* ViewController.m in Sources */,
				6B3F2DC41DAE2615009834ED /* AppDelegate.m in Sources */,
				6B3F2DC11DAE2615009834ED /* main.m in Sources */,
			);
			runOnlyForDeploymentPostprocessing = 0;
		};
/* End PBXSourcesBuildPhase section */

/* Begin PBXVariantGroup section */
		6B3F2DC81DAE2615009834ED /* Main.storyboard */ = {
			isa = PBXVariantGroup;
			children = (
				6B3F2DC91DAE2615009834ED /* Base */,
			);
			name = Main.storyboard;
			sourceTree = "<group>";
		};
		6B3F2DCD1DAE2615009834ED /* LaunchScreen.storyboard */ = {
			isa = PBXVariantGroup;
			children = (
				6B3F2DCE1DAE2615009834ED /* Base */,
			);
			name = LaunchScreen.storyboard;
			sourceTree = "<group>";
		};
/* End PBXVariantGroup section */

/* Begin XCBuildConfiguration section */
		6B3F2DD11DAE2615009834ED /* Debug */ = {
			isa = XCBuildConfiguration;
			buildSettings = {
				ALWAYS_SEARCH_USER_PATHS = NO;
				CLANG_ANALYZER_NONNULL = YES;
				CLANG_CXX_LANGUAGE_STANDARD = "gnu++0x";
				CLANG_CXX_LIBRARY = "libc++";
				CLANG_ENABLE_MODULES = YES;
				CLANG_ENABLE_OBJC_ARC = YES;
				CLANG_WARN_BOOL_CONVERSION = YES;
				CLANG_WARN_CONSTANT_CONVERSION = YES;
				CLANG_WARN_DIRECT_OBJC_ISA_USAGE = YES_ERROR;
				CLANG_WARN_EMPTY_BODY = YES;
				CLANG_WARN_ENUM_CONVERSION = YES;
				CLANG_WARN_INT_CONVERSION = YES;
				CLANG_WARN_OBJC_ROOT_CLASS = YES_ERROR;
				CLANG_WARN_UNREACHABLE_CODE = YES;
				CLANG_WARN__DUPLICATE_METHOD_MATCH = YES;
				"CODE_SIGN_IDENTITY[sdk=iphoneos*]" = "iPhone Developer";
				COPY_PHASE_STRIP = NO;
				DEBUG_INFORMATION_FORMAT = dwarf;
				ENABLE_STRICT_OBJC_MSGSEND = YES;
				ENABLE_TESTABILITY = YES;
				GCC_C_LANGUAGE_STANDARD = gnu99;
				GCC_DYNAMIC_NO_PIC = NO;
				GCC_NO_COMMON_BLOCKS = YES;
				GCC_OPTIMIZATION_LEVEL = 0;
				GCC_PREPROCESSOR_DEFINITIONS = (
					"DEBUG=1",
					"$(inherited)",
				);
				GCC_WARN_64_TO_32_BIT_CONVERSION = YES;
				GCC_WARN_ABOUT_RETURN_TYPE = YES_ERROR;
				GCC_WARN_UNDECLARED_SELECTOR = YES;
				GCC_WARN_UNINITIALIZED_AUTOS = YES_AGGRESSIVE;
				GCC_WARN_UNUSED_FUNCTION = YES;
				GCC_WARN_UNUSED_VARIABLE = YES;
				IPHONEOS_DEPLOYMENT_TARGET = 9.3;
				MTL_ENABLE_DEBUG_INFO = YES;
				ONLY_ACTIVE_ARCH = YES;
				SDKROOT = iphoneos;
				TARGETED_DEVICE_FAMILY = "1,2";
			};
			name = Debug;
		};
		6B3F2DD21DAE2615009834ED /* Release */ = {
			isa = XCBuildConfiguration;
			buildSettings = {
				ALWAYS_SEARCH_USER_PATHS = NO;
				CLANG_ANALYZER_NONNULL = YES;
				CLANG_CXX_LANGUAGE_STANDARD = "gnu++0x";
				CLANG_CXX_LIBRARY = "libc++";
				CLANG_ENABLE_MODULES = YES;
				CLANG_ENABLE_OBJC_ARC = YES;
				CLANG_WARN_BOOL_CONVERSION = YES;
				CLANG_WARN_CONSTANT_CONVERSION = YES;
				CLANG_WARN_DIRECT_OBJC_ISA_USAGE = YES_ERROR;
				CLANG_WARN_EMPTY_BODY = YES;
				CLANG_WARN_ENUM_CONVERSION = YES;
				CLANG_WARN_INT_CONVERSION = YES;
				CLANG_WARN_OBJC_ROOT_CLASS = YES_ERROR;
				CLANG_WARN_UNREACHABLE_CODE = YES;
				CLANG_WARN__DUPLICATE_METHOD_MATCH = YES;
				"CODE_SIGN_IDENTITY[sdk=iphoneos*]" = "iPhone Developer";
				COPY_PHASE_STRIP = NO;
				DEBUG_INFORMATION_FORMAT = "dwarf-with-dsym";
				ENABLE_NS_ASSERTIONS = NO;
				ENABLE_STRICT_OBJC_MSGSEND = YES;
				GCC_C_LANGUAGE_STANDARD = gnu99;
				GCC_NO_COMMON_BLOCKS = YES;
				GCC_WARN_64_TO_32_BIT_CONVERSION = YES;
				GCC_WARN_ABOUT_RETURN_TYPE = YES_ERROR;
				GCC_WARN_UNDECLARED_SELECTOR = YES;
				GCC_WARN_UNINITIALIZED_AUTOS = YES_AGGRESSIVE;
				GCC_WARN_UNUSED_FUNCTION = YES;
				GCC_WARN_UNUSED_VARIABLE = YES;
				IPHONEOS_DEPLOYMENT_TARGET = 9.3;
				MTL_ENABLE_DEBUG_INFO = NO;
				SDKROOT = iphoneos;
				TARGETED_DEVICE_FAMILY = "1,2";
				VALIDATE_PRODUCT = YES;
			};
			name = Release;
		};
		6B3F2DD41DAE2615009834ED /* Debug */ = {
			isa = XCBuildConfiguration;
			buildSettings = {
				ASSETCATALOG_COMPILER_APPICON_NAME = AppIcon;
				INFOPLIST_FILE = CPWhereAmIApp/Info.plist;
				LD_RUNPATH_SEARCH_PATHS = "$(inherited) @executable_path/Frameworks";
				PRODUCT_BUNDLE_IDENTIFIER = com.felix.CPWhereAmIApp;
				PRODUCT_NAME = "$(TARGET_NAME)";
			};
			name = Debug;
		};
		6B3F2DD51DAE2615009834ED /* Release */ = {
			isa = XCBuildConfiguration;
			buildSettings = {
				ASSETCATALOG_COMPILER_APPICON_NAME = AppIcon;
				INFOPLIST_FILE = CPWhereAmIApp/Info.plist;
				LD_RUNPATH_SEARCH_PATHS = "$(inherited) @executable_path/Frameworks";
				PRODUCT_BUNDLE_IDENTIFIER = com.felix.CPWhereAmIApp;
				PRODUCT_NAME = "$(TARGET_NAME)";
			};
			name = Release;
		};
/* End XCBuildConfiguration section */

/* Begin XCConfigurationList section */
		6B3F2DB71DAE2615009834ED /* Build configuration list for PBXProject "CPWhereAmIApp" */ = {
			isa = XCConfigurationList;
			buildConfigurations = (
				6B3F2DD11DAE2615009834ED /* Debug */,
				6B3F2DD21DAE2615009834ED /* Release */,
			);
			defaultConfigurationIsVisible = 0;
			defaultConfigurationName = Release;
		};
		6B3F2DD31DAE2615009834ED /* Build configuration list for PBXNativeTarget "CPWhereAmIApp" */ = {
			isa = XCConfigurationList;
			buildConfigurations = (
				6B3F2DD41DAE2615009834ED /* Debug */,
				6B3F2DD51DAE2615009834ED /* Release */,
			);
			defaultConfigurationIsVisible = 0;
		};
/* End XCConfigurationList section */
	};
	rootObject = 6B3F2DB41DAE2615009834ED /* Project object */;
}
